// !$*UTF8*$!
{
	archiveVersion = 1;
	classes = {
	};
	objectVersion = 51;
	objects = {

/* Begin PBXBuildFile section */
		3CA868FD23F700FA0025F175 /* AppDelegate.swift in Sources */ = {isa = PBXBuildFile; fileRef = 3CA868FC23F700FA0025F175 /* AppDelegate.swift */; };
		3CA8690623F700FD0025F175 /* Assets.xcassets in Resources */ = {isa = PBXBuildFile; fileRef = 3CA8690523F700FD0025F175 /* Assets.xcassets */; };
		3CA8690923F700FD0025F175 /* LaunchScreen.storyboard in Resources */ = {isa = PBXBuildFile; fileRef = 3CA8690723F700FD0025F175 /* LaunchScreen.storyboard */; };
		3CA8691623F702860025F175 /* MainRouter.swift in Sources */ = {isa = PBXBuildFile; fileRef = 3CA8691523F702860025F175 /* MainRouter.swift */; };
		3CA8691E23F8343B0025F175 /* LocationsViewModel.swift in Sources */ = {isa = PBXBuildFile; fileRef = 3CA8691D23F8343B0025F175 /* LocationsViewModel.swift */; };
		3CA8692023F834430025F175 /* LocationsRepository.swift in Sources */ = {isa = PBXBuildFile; fileRef = 3CA8691F23F834430025F175 /* LocationsRepository.swift */; };
		3CA8692223F83E3D0025F175 /* LocationModel.swift in Sources */ = {isa = PBXBuildFile; fileRef = 3CA8692123F83E3D0025F175 /* LocationModel.swift */; };
		3CA8692623F841CE0025F175 /* LocationTableViewCell.swift in Sources */ = {isa = PBXBuildFile; fileRef = 3CA8692423F841CE0025F175 /* LocationTableViewCell.swift */; };
		3CA8692723F841CE0025F175 /* LocationTableViewCell.xib in Resources */ = {isa = PBXBuildFile; fileRef = 3CA8692523F841CE0025F175 /* LocationTableViewCell.xib */; };
		3CA8692A23F84A9F0025F175 /* LocationsTableViewController.swift in Sources */ = {isa = PBXBuildFile; fileRef = 3CA8692823F84A9F0025F175 /* LocationsTableViewController.swift */; };
		3CA8692B23F84A9F0025F175 /* LocationsTableViewController.xib in Resources */ = {isa = PBXBuildFile; fileRef = 3CA8692923F84A9F0025F175 /* LocationsTableViewController.xib */; };
		7469346FD00C5F675CF28BAF /* Pods_MyLocations.framework in Frameworks */ = {isa = PBXBuildFile; fileRef = F0753BCD1190D15520D72004 /* Pods_MyLocations.framework */; };
/* End PBXBuildFile section */

/* Begin PBXFileReference section */
		3CA868F923F700FA0025F175 /* MyLocations.app */ = {isa = PBXFileReference; explicitFileType = wrapper.application; includeInIndex = 0; path = MyLocations.app; sourceTree = BUILT_PRODUCTS_DIR; };
		3CA868FC23F700FA0025F175 /* AppDelegate.swift */ = {isa = PBXFileReference; lastKnownFileType = sourcecode.swift; path = AppDelegate.swift; sourceTree = "<group>"; };
		3CA8690523F700FD0025F175 /* Assets.xcassets */ = {isa = PBXFileReference; lastKnownFileType = folder.assetcatalog; path = Assets.xcassets; sourceTree = "<group>"; };
		3CA8690823F700FD0025F175 /* Base */ = {isa = PBXFileReference; lastKnownFileType = file.storyboard; name = Base; path = Base.lproj/LaunchScreen.storyboard; sourceTree = "<group>"; };
		3CA8690A23F700FD0025F175 /* Info.plist */ = {isa = PBXFileReference; lastKnownFileType = text.plist.xml; path = Info.plist; sourceTree = "<group>"; };
		3CA8691523F702860025F175 /* MainRouter.swift */ = {isa = PBXFileReference; lastKnownFileType = sourcecode.swift; path = MainRouter.swift; sourceTree = "<group>"; };
		3CA8691D23F8343B0025F175 /* LocationsViewModel.swift */ = {isa = PBXFileReference; lastKnownFileType = sourcecode.swift; path = LocationsViewModel.swift; sourceTree = "<group>"; };
		3CA8691F23F834430025F175 /* LocationsRepository.swift */ = {isa = PBXFileReference; lastKnownFileType = sourcecode.swift; path = LocationsRepository.swift; sourceTree = "<group>"; };
		3CA8692123F83E3D0025F175 /* LocationModel.swift */ = {isa = PBXFileReference; lastKnownFileType = sourcecode.swift; path = LocationModel.swift; sourceTree = "<group>"; };
		3CA8692423F841CE0025F175 /* LocationTableViewCell.swift */ = {isa = PBXFileReference; lastKnownFileType = sourcecode.swift; path = LocationTableViewCell.swift; sourceTree = "<group>"; };
		3CA8692523F841CE0025F175 /* LocationTableViewCell.xib */ = {isa = PBXFileReference; lastKnownFileType = file.xib; path = LocationTableViewCell.xib; sourceTree = "<group>"; };
		3CA8692823F84A9F0025F175 /* LocationsTableViewController.swift */ = {isa = PBXFileReference; lastKnownFileType = sourcecode.swift; path = LocationsTableViewController.swift; sourceTree = "<group>"; };
		3CA8692923F84A9F0025F175 /* LocationsTableViewController.xib */ = {isa = PBXFileReference; lastKnownFileType = file.xib; path = LocationsTableViewController.xib; sourceTree = "<group>"; };
		4C216E91A6EB7E2BDB885FF9 /* Pods-MyLocations.release.xcconfig */ = {isa = PBXFileReference; includeInIndex = 1; lastKnownFileType = text.xcconfig; name = "Pods-MyLocations.release.xcconfig"; path = "Target Support Files/Pods-MyLocations/Pods-MyLocations.release.xcconfig"; sourceTree = "<group>"; };
		5E12EDC48EA9D3E935BCB42D /* Pods-MyLocations.debug.xcconfig */ = {isa = PBXFileReference; includeInIndex = 1; lastKnownFileType = text.xcconfig; name = "Pods-MyLocations.debug.xcconfig"; path = "Target Support Files/Pods-MyLocations/Pods-MyLocations.debug.xcconfig"; sourceTree = "<group>"; };
		F0753BCD1190D15520D72004 /* Pods_MyLocations.framework */ = {isa = PBXFileReference; explicitFileType = wrapper.framework; includeInIndex = 0; path = Pods_MyLocations.framework; sourceTree = BUILT_PRODUCTS_DIR; };
/* End PBXFileReference section */

/* Begin PBXFrameworksBuildPhase section */
		3CA868F623F700FA0025F175 /* Frameworks */ = {
			isa = PBXFrameworksBuildPhase;
			buildActionMask = 2147483647;
			files = (
				7469346FD00C5F675CF28BAF /* Pods_MyLocations.framework in Frameworks */,
			);
			runOnlyForDeploymentPostprocessing = 0;
		};
/* End PBXFrameworksBuildPhase section */

/* Begin PBXGroup section */
		2C9A7B560AF3371779A5FACF /* Frameworks */ = {
			isa = PBXGroup;
			children = (
				F0753BCD1190D15520D72004 /* Pods_MyLocations.framework */,
			);
			name = Frameworks;
			sourceTree = "<group>";
		};
		3CA868F023F700FA0025F175 = {
			isa = PBXGroup;
			children = (
				3CA868FB23F700FA0025F175 /* MyLocations */,
				3CA868FA23F700FA0025F175 /* Products */,
				549D378AE4EF81FA7EC2B031 /* Pods */,
				2C9A7B560AF3371779A5FACF /* Frameworks */,
			);
			sourceTree = "<group>";
		};
		3CA868FA23F700FA0025F175 /* Products */ = {
			isa = PBXGroup;
			children = (
				3CA868F923F700FA0025F175 /* MyLocations.app */,
			);
			name = Products;
			sourceTree = "<group>";
		};
		3CA868FB23F700FA0025F175 /* MyLocations */ = {
			isa = PBXGroup;
			children = (
				3CA8691023F702400025F175 /* Locations */,
				3CA868FC23F700FA0025F175 /* AppDelegate.swift */,
				3CA8690523F700FD0025F175 /* Assets.xcassets */,
				3CA8690723F700FD0025F175 /* LaunchScreen.storyboard */,
				3CA8690A23F700FD0025F175 /* Info.plist */,
				3CA8691523F702860025F175 /* MainRouter.swift */,
			);
			path = MyLocations;
			sourceTree = "<group>";
		};
		3CA8691023F702400025F175 /* Locations */ = {
			isa = PBXGroup;
			children = (
				3CA8692323F841BB0025F175 /* Cell */,
				3CA8691D23F8343B0025F175 /* LocationsViewModel.swift */,
				3CA8692823F84A9F0025F175 /* LocationsTableViewController.swift */,
				3CA8692923F84A9F0025F175 /* LocationsTableViewController.xib */,
				3CA8691F23F834430025F175 /* LocationsRepository.swift */,
				3CA8692123F83E3D0025F175 /* LocationModel.swift */,
			);
			path = Locations;
			sourceTree = "<group>";
		};
		3CA8692323F841BB0025F175 /* Cell */ = {
			isa = PBXGroup;
			children = (
				3CA8692423F841CE0025F175 /* LocationTableViewCell.swift */,
				3CA8692523F841CE0025F175 /* LocationTableViewCell.xib */,
			);
			path = Cell;
			sourceTree = "<group>";
		};
		549D378AE4EF81FA7EC2B031 /* Pods */ = {
			isa = PBXGroup;
			children = (
				5E12EDC48EA9D3E935BCB42D /* Pods-MyLocations.debug.xcconfig */,
				4C216E91A6EB7E2BDB885FF9 /* Pods-MyLocations.release.xcconfig */,
			);
			path = Pods;
			sourceTree = "<group>";
		};
/* End PBXGroup section */

/* Begin PBXNativeTarget section */
		3CA868F823F700FA0025F175 /* MyLocations */ = {
			isa = PBXNativeTarget;
			buildConfigurationList = 3CA8690D23F700FD0025F175 /* Build configuration list for PBXNativeTarget "MyLocations" */;
			buildPhases = (
				7E6B31ECBB714557679E71B8 /* [CP] Check Pods Manifest.lock */,
				3CA868F523F700FA0025F175 /* Sources */,
				3CA868F623F700FA0025F175 /* Frameworks */,
				3CA868F723F700FA0025F175 /* Resources */,
				82F946437F318CFB4318381F /* [CP] Embed Pods Frameworks */,
			);
			buildRules = (
			);
			dependencies = (
			);
			name = MyLocations;
			productName = MyLocations;
			productReference = 3CA868F923F700FA0025F175 /* MyLocations.app */;
			productType = "com.apple.product-type.application";
		};
/* End PBXNativeTarget section */

/* Begin PBXProject section */
		3CA868F123F700FA0025F175 /* Project object */ = {
			isa = PBXProject;
			attributes = {
				LastSwiftUpdateCheck = 1110;
				LastUpgradeCheck = 1110;
				ORGANIZATIONNAME = "Paul Tiriteu";
				TargetAttributes = {
					3CA868F823F700FA0025F175 = {
						CreatedOnToolsVersion = 11.1;
					};
				};
			};
			buildConfigurationList = 3CA868F423F700FA0025F175 /* Build configuration list for PBXProject "MyLocations" */;
			compatibilityVersion = "Xcode 9.3";
			developmentRegion = en;
			hasScannedForEncodings = 0;
			knownRegions = (
				en,
				Base,
			);
			mainGroup = 3CA868F023F700FA0025F175;
			productRefGroup = 3CA868FA23F700FA0025F175 /* Products */;
			projectDirPath = "";
			projectRoot = "";
			targets = (
				3CA868F823F700FA0025F175 /* MyLocations */,
			);
		};
/* End PBXProject section */

/* Begin PBXResourcesBuildPhase section */
		3CA868F723F700FA0025F175 /* Resources */ = {
			isa = PBXResourcesBuildPhase;
			buildActionMask = 2147483647;
			files = (
				3CA8692B23F84A9F0025F175 /* LocationsTableViewController.xib in Resources */,
				3CA8690923F700FD0025F175 /* LaunchScreen.storyboard in Resources */,
				3CA8690623F700FD0025F175 /* Assets.xcassets in Resources */,
				3CA8692723F841CE0025F175 /* LocationTableViewCell.xib in Resources */,
			);
			runOnlyForDeploymentPostprocessing = 0;
		};
/* End PBXResourcesBuildPhase section */

/* Begin PBXShellScriptBuildPhase section */
		7E6B31ECBB714557679E71B8 /* [CP] Check Pods Manifest.lock */ = {
			isa = PBXShellScriptBuildPhase;
			buildActionMask = 2147483647;
			files = (
			);
			inputFileListPaths = (
			);
			inputPaths = (
				"${PODS_PODFILE_DIR_PATH}/Podfile.lock",
				"${PODS_ROOT}/Manifest.lock",
			);
			name = "[CP] Check Pods Manifest.lock";
			outputFileListPaths = (
			);
			outputPaths = (
				"$(DERIVED_FILE_DIR)/Pods-MyLocations-checkManifestLockResult.txt",
			);
			runOnlyForDeploymentPostprocessing = 0;
			shellPath = /bin/sh;
			shellScript = "diff \"${PODS_PODFILE_DIR_PATH}/Podfile.lock\" \"${PODS_ROOT}/Manifest.lock\" > /dev/null\nif [ $? != 0 ] ; then\n    # print error to STDERR\n    echo \"error: The sandbox is not in sync with the Podfile.lock. Run 'pod install' or update your CocoaPods installation.\" >&2\n    exit 1\nfi\n# This output is used by Xcode 'outputs' to avoid re-running this script phase.\necho \"SUCCESS\" > \"${SCRIPT_OUTPUT_FILE_0}\"\n";
			showEnvVarsInLog = 0;
		};
		82F946437F318CFB4318381F /* [CP] Embed Pods Frameworks */ = {
			isa = PBXShellScriptBuildPhase;
			buildActionMask = 2147483647;
			files = (
			);
			inputFileListPaths = (
				"${PODS_ROOT}/Target Support Files/Pods-MyLocations/Pods-MyLocations-frameworks-${CONFIGURATION}-input-files.xcfilelist",
			);
			name = "[CP] Embed Pods Frameworks";
			outputFileListPaths = (
				"${PODS_ROOT}/Target Support Files/Pods-MyLocations/Pods-MyLocations-frameworks-${CONFIGURATION}-output-files.xcfilelist",
			);
			runOnlyForDeploymentPostprocessing = 0;
			shellPath = /bin/sh;
			shellScript = "\"${PODS_ROOT}/Target Support Files/Pods-MyLocations/Pods-MyLocations-frameworks.sh\"\n";
			showEnvVarsInLog = 0;
		};
/* End PBXShellScriptBuildPhase section */

/* Begin PBXSourcesBuildPhase section */
		3CA868F523F700FA0025F175 /* Sources */ = {
			isa = PBXSourcesBuildPhase;
			buildActionMask = 2147483647;
			files = (
				3CA8691623F702860025F175 /* MainRouter.swift in Sources */,
				3CA8692623F841CE0025F175 /* LocationTableViewCell.swift in Sources */,
				3CA8691E23F8343B0025F175 /* LocationsViewModel.swift in Sources */,
				3CA868FD23F700FA0025F175 /* AppDelegate.swift in Sources */,
				3CA8692023F834430025F175 /* LocationsRepository.swift in Sources */,
				3CA8692223F83E3D0025F175 /* LocationModel.swift in Sources */,
				3CA8692A23F84A9F0025F175 /* LocationsTableViewController.swift in Sources */,
			);
			runOnlyForDeploymentPostprocessing = 0;
		};
/* End PBXSourcesBuildPhase section */

/* Begin PBXVariantGroup section */
		3CA8690723F700FD0025F175 /* LaunchScreen.storyboard */ = {
			isa = PBXVariantGroup;
			children = (
				3CA8690823F700FD0025F175 /* Base */,
			);
			name = LaunchScreen.storyboard;
			sourceTree = "<group>";
		};
/* End PBXVariantGroup section */

/* Begin XCBuildConfiguration section */
		3CA8690B23F700FD0025F175 /* Debug */ = {
			isa = XCBuildConfiguration;
			buildSettings = {
				ALWAYS_SEARCH_USER_PATHS = NO;
				CLANG_ANALYZER_NONNULL = YES;
				CLANG_ANALYZER_NUMBER_OBJECT_CONVERSION = YES_AGGRESSIVE;
				CLANG_CXX_LANGUAGE_STANDARD = "gnu++14";
				CLANG_CXX_LIBRARY = "libc++";
				CLANG_ENABLE_MODULES = YES;
				CLANG_ENABLE_OBJC_ARC = YES;
				CLANG_ENABLE_OBJC_WEAK = YES;
				CLANG_WARN_BLOCK_CAPTURE_AUTORELEASING = YES;
				CLANG_WARN_BOOL_CONVERSION = YES;
				CLANG_WARN_COMMA = YES;
				CLANG_WARN_CONSTANT_CONVERSION = YES;
				CLANG_WARN_DEPRECATED_OBJC_IMPLEMENTATIONS = YES;
				CLANG_WARN_DIRECT_OBJC_ISA_USAGE = YES_ERROR;
				CLANG_WARN_DOCUMENTATION_COMMENTS = YES;
				CLANG_WARN_EMPTY_BODY = YES;
				CLANG_WARN_ENUM_CONVERSION = YES;
				CLANG_WARN_INFINITE_RECURSION = YES;
				CLANG_WARN_INT_CONVERSION = YES;
				CLANG_WARN_NON_LITERAL_NULL_CONVERSION = YES;
				CLANG_WARN_OBJC_IMPLICIT_RETAIN_SELF = YES;
				CLANG_WARN_OBJC_LITERAL_CONVERSION = YES;
				CLANG_WARN_OBJC_ROOT_CLASS = YES_ERROR;
				CLANG_WARN_RANGE_LOOP_ANALYSIS = YES;
				CLANG_WARN_STRICT_PROTOTYPES = YES;
				CLANG_WARN_SUSPICIOUS_MOVE = YES;
				CLANG_WARN_UNGUARDED_AVAILABILITY = YES_AGGRESSIVE;
				CLANG_WARN_UNREACHABLE_CODE = YES;
				CLANG_WARN__DUPLICATE_METHOD_MATCH = YES;
				COPY_PHASE_STRIP = NO;
				DEBUG_INFORMATION_FORMAT = dwarf;
				ENABLE_STRICT_OBJC_MSGSEND = YES;
				ENABLE_TESTABILITY = YES;
				GCC_C_LANGUAGE_STANDARD = gnu11;
				GCC_DYNAMIC_NO_PIC = NO;
				GCC_NO_COMMON_BLOCKS = YES;
				GCC_OPTIMIZATION_LEVEL = 0;
				GCC_PREPROCESSOR_DEFINITIONS = (
					"DEBUG=1",
					"$(inherited)",
				);
				GCC_WARN_64_TO_32_BIT_CONVERSION = YES;
				GCC_WARN_ABOUT_RETURN_TYPE = YES_ERROR;
				GCC_WARN_UNDECLARED_SELECTOR = YES;
				GCC_WARN_UNINITIALIZED_AUTOS = YES_AGGRESSIVE;
				GCC_WARN_UNUSED_FUNCTION = YES;
				GCC_WARN_UNUSED_VARIABLE = YES;
				IPHONEOS_DEPLOYMENT_TARGET = 13.1;
				MTL_ENABLE_DEBUG_INFO = INCLUDE_SOURCE;
				MTL_FAST_MATH = YES;
				ONLY_ACTIVE_ARCH = YES;
				SDKROOT = iphoneos;
				SWIFT_ACTIVE_COMPILATION_CONDITIONS = DEBUG;
				SWIFT_OPTIMIZATION_LEVEL = "-Onone";
			};
			name = Debug;
		};
		3CA8690C23F700FD0025F175 /* Release */ = {
			isa = XCBuildConfiguration;
			buildSettings = {
				ALWAYS_SEARCH_USER_PATHS = NO;
				CLANG_ANALYZER_NONNULL = YES;
				CLANG_ANALYZER_NUMBER_OBJECT_CONVERSION = YES_AGGRESSIVE;
				CLANG_CXX_LANGUAGE_STANDARD = "gnu++14";
				CLANG_CXX_LIBRARY = "libc++";
				CLANG_ENABLE_MODULES = YES;
				CLANG_ENABLE_OBJC_ARC = YES;
				CLANG_ENABLE_OBJC_WEAK = YES;
				CLANG_WARN_BLOCK_CAPTURE_AUTORELEASING = YES;
				CLANG_WARN_BOOL_CONVERSION = YES;
				CLANG_WARN_COMMA = YES;
				CLANG_WARN_CONSTANT_CONVERSION = YES;
				CLANG_WARN_DEPRECATED_OBJC_IMPLEMENTATIONS = YES;
				CLANG_WARN_DIRECT_OBJC_ISA_USAGE = YES_ERROR;
				CLANG_WARN_DOCUMENTATION_COMMENTS = YES;
				CLANG_WARN_EMPTY_BODY = YES;
				CLANG_WARN_ENUM_CONVERSION = YES;
				CLANG_WARN_INFINITE_RECURSION = YES;
				CLANG_WARN_INT_CONVERSION = YES;
				CLANG_WARN_NON_LITERAL_NULL_CONVERSION = YES;
				CLANG_WARN_OBJC_IMPLICIT_RETAIN_SELF = YES;
				CLANG_WARN_OBJC_LITERAL_CONVERSION = YES;
				CLANG_WARN_OBJC_ROOT_CLASS = YES_ERROR;
				CLANG_WARN_RANGE_LOOP_ANALYSIS = YES;
				CLANG_WARN_STRICT_PROTOTYPES = YES;
				CLANG_WARN_SUSPICIOUS_MOVE = YES;
				CLANG_WARN_UNGUARDED_AVAILABILITY = YES_AGGRESSIVE;
				CLANG_WARN_UNREACHABLE_CODE = YES;
				CLANG_WARN__DUPLICATE_METHOD_MATCH = YES;
				COPY_PHASE_STRIP = NO;
				DEBUG_INFORMATION_FORMAT = "dwarf-with-dsym";
				ENABLE_NS_ASSERTIONS = NO;
				ENABLE_STRICT_OBJC_MSGSEND = YES;
				GCC_C_LANGUAGE_STANDARD = gnu11;
				GCC_NO_COMMON_BLOCKS = YES;
				GCC_WARN_64_TO_32_BIT_CONVERSION = YES;
				GCC_WARN_ABOUT_RETURN_TYPE = YES_ERROR;
				GCC_WARN_UNDECLARED_SELECTOR = YES;
				GCC_WARN_UNINITIALIZED_AUTOS = YES_AGGRESSIVE;
				GCC_WARN_UNUSED_FUNCTION = YES;
				GCC_WARN_UNUSED_VARIABLE = YES;
				IPHONEOS_DEPLOYMENT_TARGET = 13.1;
				MTL_ENABLE_DEBUG_INFO = NO;
				MTL_FAST_MATH = YES;
				SDKROOT = iphoneos;
				SWIFT_COMPILATION_MODE = wholemodule;
				SWIFT_OPTIMIZATION_LEVEL = "-O";
				VALIDATE_PRODUCT = YES;
			};
			name = Release;
		};
		3CA8690E23F700FD0025F175 /* Debug */ = {
			isa = XCBuildConfiguration;
			baseConfigurationReference = 5E12EDC48EA9D3E935BCB42D /* Pods-MyLocations.debug.xcconfig */;
			buildSettings = {
				ASSETCATALOG_COMPILER_APPICON_NAME = AppIcon;
				CODE_SIGN_STYLE = Automatic;
				DEVELOPMENT_TEAM = 95VDGC3DY2;
				INFOPLIST_FILE = MyLocations/Info.plist;
				LD_RUNPATH_SEARCH_PATHS = (
					"$(inherited)",
					"@executable_path/Frameworks",
				);
				PRODUCT_BUNDLE_IDENTIFIER = paultiriteu.MyLocations;
				PRODUCT_NAME = "$(TARGET_NAME)";
				SWIFT_VERSION = 5.0;
				TARGETED_DEVICE_FAMILY = "1,2";
			};
			name = Debug;
		};
		3CA8690F23F700FD0025F175 /* Release */ = {
			isa = XCBuildConfiguration;
			baseConfigurationReference = 4C216E91A6EB7E2BDB885FF9 /* Pods-MyLocations.release.xcconfig */;
			buildSettings = {
				ASSETCATALOG_COMPILER_APPICON_NAME = AppIcon;
				CODE_SIGN_STYLE = Automatic;
				DEVELOPMENT_TEAM = 95VDGC3DY2;
				INFOPLIST_FILE = MyLocations/Info.plist;
				LD_RUNPATH_SEARCH_PATHS = (
					"$(inherited)",
					"@executable_path/Frameworks",
				);
				PRODUCT_BUNDLE_IDENTIFIER = paultiriteu.MyLocations;
				PRODUCT_NAME = "$(TARGET_NAME)";
				SWIFT_VERSION = 5.0;
				TARGETED_DEVICE_FAMILY = "1,2";
			};
			name = Release;
		};
/* End XCBuildConfiguration section */

/* Begin XCConfigurationList section */
		3CA868F423F700FA0025F175 /* Build configuration list for PBXProject "MyLocations" */ = {
			isa = XCConfigurationList;
			buildConfigurations = (
				3CA8690B23F700FD0025F175 /* Debug */,
				3CA8690C23F700FD0025F175 /* Release */,
			);
			defaultConfigurationIsVisible = 0;
			defaultConfigurationName = Release;
		};
		3CA8690D23F700FD0025F175 /* Build configuration list for PBXNativeTarget "MyLocations" */ = {
			isa = XCConfigurationList;
			buildConfigurations = (
				3CA8690E23F700FD0025F175 /* Debug */,
				3CA8690F23F700FD0025F175 /* Release */,
			);
			defaultConfigurationIsVisible = 0;
			defaultConfigurationName = Release;
		};
/* End XCConfigurationList section */
	};
	rootObject = 3CA868F123F700FA0025F175 /* Project object */;
}
